
Microsoft Visual Studio Solution File, Format Version 12.00
# Visual Studio Version 16
VisualStudioVersion = 25.0.1705.4
MinimumVisualStudioVersion = 10.0.40219.1
Project("{FAE04EC0-301F-11D3-BF4B-00C04F79EFBC}") = "CrudOperation", "CrudOperation.csproj", "{C2A07466-2395-4390-92A5-2324789240E3}"
EndProject
Global
	GlobalSection(SolutionConfigurationPlatforms) = preSolution
		Debug|Any CPU = Debug|Any CPU
		Release|Any CPU = Release|Any CPU
	EndGlobalSection
	GlobalSection(ProjectConfigurationPlatforms) = postSolution
		{C2A07466-2395-4390-92A5-2324789240E3}.Debug|Any CPU.ActiveCfg = Debug|Any CPU
		{C2A07466-2395-4390-92A5-2324789240E3}.Debug|Any CPU.Build.0 = Debug|Any CPU
		{C2A07466-2395-4390-92A5-2324789240E3}.Release|Any CPU.ActiveCfg = Release|Any CPU
		{C2A07466-2395-4390-92A5-2324789240E3}.Release|Any CPU.Build.0 = Release|Any CPU
	EndGlobalSection
	GlobalSection(SolutionProperties) = preSolution
		HideSolutionNode = FALSE
	EndGlobalSection
	GlobalSection(ExtensibilityGlobals) = postSolution
		SolutionGuid = {19082508-304B-4243-8D9F-930D820C9621}
	EndGlobalSection
EndGlobal
